
Microsoft Visual Studio Solution File, Format Version 12.00
# Visual Studio 15
VisualStudioVersion = 15.0.28010.2048
MinimumVisualStudioVersion = 10.0.40219.1
Project("{FAE04EC0-301F-11D3-BF4B-00C04F79EFBC}") = "loggyAPI", "loggyAPI\loggyAPI.csproj", "{4E363BEC-D303-411F-869B-894A65F6A557}"
EndProject
Global
	GlobalSection(SolutionConfigurationPlatforms) = preSolution
		Debug|Any CPU = Debug|Any CPU
		Release|Any CPU = Release|Any CPU
	EndGlobalSection
	GlobalSection(ProjectConfigurationPlatforms) = postSolution
		{4E363BEC-D303-411F-869B-894A65F6A557}.Debug|Any CPU.ActiveCfg = Debug|Any CPU
		{4E363BEC-D303-411F-869B-894A65F6A557}.Debug|Any CPU.Build.0 = Debug|Any CPU
		{4E363BEC-D303-411F-869B-894A65F6A557}.Release|Any CPU.ActiveCfg = Release|Any CPU
		{4E363BEC-D303-411F-869B-894A65F6A557}.Release|Any CPU.Build.0 = Release|Any CPU
	EndGlobalSection
	GlobalSection(SolutionProperties) = preSolution
		HideSolutionNode = FALSE
	EndGlobalSection
	GlobalSection(ExtensibilityGlobals) = postSolution
		SolutionGuid = {B89A999A-90A3-4CDE-A877-E4CE9B04F247}
	EndGlobalSection
EndGlobal
