
Microsoft Visual Studio Solution File, Format Version 12.00
# Visual Studio Version 16
VisualStudioVersion = 16.0.29409.12
MinimumVisualStudioVersion = 10.0.40219.1
Project("{9A19103F-16F7-4668-BE54-9A1E7A4F7556}") = "loggyAPI", "loggyAPI\loggyAPI.csproj", "{4E363BEC-D303-411F-869B-894A65F6A557}"
EndProject
Project("{9A19103F-16F7-4668-BE54-9A1E7A4F7556}") = "loggyAPI.Data", "Data\loggyAPI.Data.csproj", "{ED2513D1-5406-4EED-A222-170CC20CE397}"
EndProject
Project("{9A19103F-16F7-4668-BE54-9A1E7A4F7556}") = "loggyAPI.Services", "loggyAPI.Services\loggyAPI.Services.csproj", "{8E7B987C-267E-4A7D-81B4-0D2278EAB0E7}"
EndProject
Project("{9A19103F-16F7-4668-BE54-9A1E7A4F7556}") = "loggyAPI.ServicesTests", "loggyAPI.Test\loggyAPI.ServicesTests.csproj", "{6D12612D-6C4D-43BD-B00C-24B4CEBA099F}"
EndProject
Project("{9A19103F-16F7-4668-BE54-9A1E7A4F7556}") = "loggyAPI.ServicesGeneratedTests", "loggyAPI.ServicesTests\loggyAPI.ServicesGeneratedTests.csproj", "{B38C009F-E208-4142-BBA1-393112D0DE8A}"
EndProject
Global
	GlobalSection(SolutionConfigurationPlatforms) = preSolution
		Debug|Any CPU = Debug|Any CPU
		Release|Any CPU = Release|Any CPU
	EndGlobalSection
	GlobalSection(ProjectConfigurationPlatforms) = postSolution
		{4E363BEC-D303-411F-869B-894A65F6A557}.Debug|Any CPU.ActiveCfg = Debug|Any CPU
		{4E363BEC-D303-411F-869B-894A65F6A557}.Debug|Any CPU.Build.0 = Debug|Any CPU
		{4E363BEC-D303-411F-869B-894A65F6A557}.Release|Any CPU.ActiveCfg = Release|Any CPU
		{4E363BEC-D303-411F-869B-894A65F6A557}.Release|Any CPU.Build.0 = Release|Any CPU
		{ED2513D1-5406-4EED-A222-170CC20CE397}.Debug|Any CPU.ActiveCfg = Debug|Any CPU
		{ED2513D1-5406-4EED-A222-170CC20CE397}.Debug|Any CPU.Build.0 = Debug|Any CPU
		{ED2513D1-5406-4EED-A222-170CC20CE397}.Release|Any CPU.ActiveCfg = Release|Any CPU
		{ED2513D1-5406-4EED-A222-170CC20CE397}.Release|Any CPU.Build.0 = Release|Any CPU
		{8E7B987C-267E-4A7D-81B4-0D2278EAB0E7}.Debug|Any CPU.ActiveCfg = Debug|Any CPU
		{8E7B987C-267E-4A7D-81B4-0D2278EAB0E7}.Debug|Any CPU.Build.0 = Debug|Any CPU
		{8E7B987C-267E-4A7D-81B4-0D2278EAB0E7}.Release|Any CPU.ActiveCfg = Release|Any CPU
		{8E7B987C-267E-4A7D-81B4-0D2278EAB0E7}.Release|Any CPU.Build.0 = Release|Any CPU
		{6D12612D-6C4D-43BD-B00C-24B4CEBA099F}.Debug|Any CPU.ActiveCfg = Debug|Any CPU
		{6D12612D-6C4D-43BD-B00C-24B4CEBA099F}.Debug|Any CPU.Build.0 = Debug|Any CPU
		{6D12612D-6C4D-43BD-B00C-24B4CEBA099F}.Release|Any CPU.ActiveCfg = Release|Any CPU
		{6D12612D-6C4D-43BD-B00C-24B4CEBA099F}.Release|Any CPU.Build.0 = Release|Any CPU
		{B38C009F-E208-4142-BBA1-393112D0DE8A}.Debug|Any CPU.ActiveCfg = Debug|Any CPU
		{B38C009F-E208-4142-BBA1-393112D0DE8A}.Debug|Any CPU.Build.0 = Debug|Any CPU
		{B38C009F-E208-4142-BBA1-393112D0DE8A}.Release|Any CPU.ActiveCfg = Release|Any CPU
		{B38C009F-E208-4142-BBA1-393112D0DE8A}.Release|Any CPU.Build.0 = Release|Any CPU
	EndGlobalSection
	GlobalSection(SolutionProperties) = preSolution
		HideSolutionNode = FALSE
	EndGlobalSection
	GlobalSection(ExtensibilityGlobals) = postSolution
		SolutionGuid = {B89A999A-90A3-4CDE-A877-E4CE9B04F247}
	EndGlobalSection
EndGlobal
